
Microsoft Visual Studio Solution File, Format Version 12.00
# Visual Studio Version 17
VisualStudioVersion = 17.5.002.0
MinimumVisualStudioVersion = 10.0.40219.1
Project("{9A19103F-16F7-4668-BE54-9A1E7A4F7556}") = "Reverse1999-Anarchist", "Reverse1999-Anarchist.csproj", "{901C1EBE-15BB-4CED-B960-A27E96A61318}"
EndProject
Global
	GlobalSection(SolutionConfigurationPlatforms) = preSolution
		Debug|Any CPU = Debug|Any CPU
		Release|Any CPU = Release|Any CPU
	EndGlobalSection
	GlobalSection(ProjectConfigurationPlatforms) = postSolution
		{901C1EBE-15BB-4CED-B960-A27E96A61318}.Debug|Any CPU.ActiveCfg = Debug|Any CPU
		{901C1EBE-15BB-4CED-B960-A27E96A61318}.Debug|Any CPU.Build.0 = Debug|Any CPU
		{901C1EBE-15BB-4CED-B960-A27E96A61318}.Release|Any CPU.ActiveCfg = Release|Any CPU
		{901C1EBE-15BB-4CED-B960-A27E96A61318}.Release|Any CPU.Build.0 = Release|Any CPU
	EndGlobalSection
	GlobalSection(SolutionProperties) = preSolution
		HideSolutionNode = FALSE
	EndGlobalSection
	GlobalSection(ExtensibilityGlobals) = postSolution
		SolutionGuid = {BF2DE32D-0903-4998-AD6C-93473F1FFB18}
	EndGlobalSection
EndGlobal
